
Microsoft Visual Studio Solution File, Format Version 11.00
# Visual Studio 2010
# SharpDevelop 5.0
Project("{FAE04EC0-301F-11D3-BF4B-00C04F79EFBC}") = "nurl", "nurl\nurl.csproj", "{265FD616-0EF5-4812-B6C3-32E157DC7502}"
EndProject
Global
	GlobalSection(SolutionConfigurationPlatforms) = preSolution
		Debug|Any CPU = Debug|Any CPU
		Release|Any CPU = Release|Any CPU
	EndGlobalSection
	GlobalSection(ProjectConfigurationPlatforms) = postSolution
		{265FD616-0EF5-4812-B6C3-32E157DC7502}.Debug|Any CPU.ActiveCfg = Debug|Any CPU
		{265FD616-0EF5-4812-B6C3-32E157DC7502}.Debug|Any CPU.Build.0 = Debug|Any CPU
		{265FD616-0EF5-4812-B6C3-32E157DC7502}.Release|Any CPU.ActiveCfg = Release|Any CPU
		{265FD616-0EF5-4812-B6C3-32E157DC7502}.Release|Any CPU.Build.0 = Release|Any CPU
	EndGlobalSection
EndGlobal
